
Microsoft Visual Studio Solution File, Format Version 12.00
# Visual Studio 14
VisualStudioVersion = 14.0.25123.0
MinimumVisualStudioVersion = 10.0.40219.1
Project("{FAE04EC0-301F-11D3-BF4B-00C04F79EFBC}") = "AutotaskWebAPI", "AutotaskWebAPI\AutotaskWebAPI.csproj", "{3AD6E5EA-D8BD-4BD0-AF2E-A0A85A22A209}"
EndProject
Project("{FAE04EC0-301F-11D3-BF4B-00C04F79EFBC}") = "AutotaskWebAPITests", "AutotaskWebAPITests\AutotaskWebAPITests.csproj", "{B4BCC301-876B-44D7-ABD8-7BB764B7D29A}"
EndProject
Global
	GlobalSection(SolutionConfigurationPlatforms) = preSolution
		Debug|Any CPU = Debug|Any CPU
		Release|Any CPU = Release|Any CPU
	EndGlobalSection
	GlobalSection(ProjectConfigurationPlatforms) = postSolution
		{3AD6E5EA-D8BD-4BD0-AF2E-A0A85A22A209}.Debug|Any CPU.ActiveCfg = Debug|Any CPU
		{3AD6E5EA-D8BD-4BD0-AF2E-A0A85A22A209}.Debug|Any CPU.Build.0 = Debug|Any CPU
		{3AD6E5EA-D8BD-4BD0-AF2E-A0A85A22A209}.Release|Any CPU.ActiveCfg = Release|Any CPU
		{3AD6E5EA-D8BD-4BD0-AF2E-A0A85A22A209}.Release|Any CPU.Build.0 = Release|Any CPU
		{B4BCC301-876B-44D7-ABD8-7BB764B7D29A}.Debug|Any CPU.ActiveCfg = Debug|Any CPU
		{B4BCC301-876B-44D7-ABD8-7BB764B7D29A}.Debug|Any CPU.Build.0 = Debug|Any CPU
		{B4BCC301-876B-44D7-ABD8-7BB764B7D29A}.Release|Any CPU.ActiveCfg = Release|Any CPU
		{B4BCC301-876B-44D7-ABD8-7BB764B7D29A}.Release|Any CPU.Build.0 = Release|Any CPU
	EndGlobalSection
	GlobalSection(SolutionProperties) = preSolution
		HideSolutionNode = FALSE
	EndGlobalSection
EndGlobal
